# THIS IS AN AUTOGENERATED FILE. DO NOT EDIT THIS FILE DIRECTLY.
assets/custom.css:
  development: 2018-04-12T10:41:16+01:00   494ba902820999f5b27fe9cbb17bf396
assets/custom.js.liquid:
  development: 2018-04-12T10:41:16+01:00   e71a38ebbcdb544635828ead99d4ec44
assets/ico-select.svg.liquid:
  development: 2018-04-12T10:41:16+01:00   765be6d2ef08d76aa0f1aab48a10e2b7
assets/lazysizes.min.js.liquid:
  development: 2018-04-12T10:41:17+01:00   5dd7f4f274a5573ed6575f43c21ad62d
assets/polyfills.js:
  development: 2018-04-12T10:41:17+01:00   b558f1a6f42adcd63f2c091d80185c7d
assets/scotchromanmt-webfont.woff:
  development: 2018-04-12T10:41:17+01:00   18e0d6a8dac15dcd65484ad3556de5fa
assets/scotchromanmt-webfont.woff2:
  development: 2018-04-12T10:41:17+01:00   8c37490ebafecfb4b01f56473e023677
assets/slick.eot:
  development: 2018-04-12T10:41:17+01:00   ced611daf7709cc778da928fec876475
assets/slick.svg:
  development: 2018-04-12T10:41:17+01:00   f97e3bbf73254b0112091d0192f17aec
assets/slick.ttf:
  development: 2018-04-12T10:41:17+01:00   d41f55a78e6f49a5512878df1737e58a
assets/slick.woff:
  development: 2018-04-12T10:41:18+01:00   b7c9e1e479de3b53f1e4e30ebac2403a
assets/theme.asset.js:
  development: 2018-04-12T10:41:18+01:00   427dfeff6721510c378f32ae56069342
assets/theme.min.js.liquid:
  development: 2018-04-12T10:41:18+01:00   9be7c83fd78fe1820c2111e0f8a09d67
assets/theme.scss.liquid:
  development: 2018-04-12T10:41:18+01:00   1a96bb414d0d3f77809de23bdbefb8c1
config/settings_data.json:
  development: 2018-04-12T10:41:24+01:00   497a1ced7ce42329b3921f300db9d98a
config/settings_schema.json:
  development: 2018-04-12T10:41:24+01:00   2667a4c314c64c92c0c1faa76b7eba45
layout/giftcard.liquid:
  development: 2018-04-12T10:41:18+01:00   383c724191e4fbe7c8e9db0667fdeba9
layout/password.liquid:
  development: 2018-04-12T10:41:18+01:00   7bf7399224d7760d8cf946f8ab1a15fe
layout/theme.liquid:
  development: 2018-04-12T10:41:18+01:00   35c95cc4ea8b1e33c26bc959f9e5caff
locales/de.json:
  development: 2018-04-12T10:41:18+01:00   663d9003760f15ce1ff3151253ba1580
locales/en.default.json:
  development: 2018-04-12T10:41:18+01:00   dc4e4d1e2944ad6f06a6e6bccb0fb2a8
locales/es.json:
  development: 2018-04-12T10:41:18+01:00   a71f82b7f14f87e3a753e7cec226fe78
locales/fr.json:
  development: 2018-04-12T10:41:18+01:00   6e1edb37042db74903f72e04c34cf2c0
locales/it.json:
  development: 2018-04-12T10:41:19+01:00   664c0537a5626c88e6974c12d57b69c7
locales/ja.json:
  development: 2018-04-12T10:41:19+01:00   d111167410c1a0f95b1cd63452695e7e
locales/pt-BR.json:
  development: 2018-04-12T10:41:19+01:00   33fb3614e72e43c76f3cbf6efb6fb727
locales/pt-PT.json:
  development: 2018-04-12T10:41:19+01:00   65e446a311dac4747fa105feef783651
sections/article-template.liquid:
  development: 2018-04-12T10:41:14+01:00   f9fc8b1a796fd0fa516107ee8046d46e
sections/blog-template.liquid:
  development: 2018-04-12T10:41:14+01:00   64e16cdfe1673d1a7c7f823e8b7975dc
sections/cart-template.liquid:
  development: 2018-04-12T10:41:14+01:00   11260f9d9f6cdf0908be1589d8631b8b
sections/collection-list.liquid:
  development: 2018-04-12T10:41:14+01:00   ba4c7e04b9cbf879af78a55788231112
sections/collection-template.liquid:
  development: 2018-04-12T10:41:15+01:00   9ac477a9a0710900381484ed1c836004
sections/custom-content.liquid:
  development: 2018-04-12T10:41:15+01:00   0fe7dc101b4eb8d2c690badcaf3a73dd
sections/feature-row.liquid:
  development: 2018-04-12T10:41:15+01:00   1f7843dd44ef8fe1598c81beed3e08e6
sections/featured-blog.liquid:
  development: 2018-04-12T10:41:15+01:00   ef07d0e1eb2a9bd70296b9e6789afdcd
sections/featured-collection.liquid:
  development: 2018-04-12T10:41:15+01:00   ea9b2aaa9836e65089d77ebc5623e2cf
sections/featured-product.liquid:
  development: 2018-04-12T10:41:15+01:00   d4b57210cbc4c13d62d191c0f0ee97cd
sections/featured-slider.liquid:
  development: 2018-04-12T10:41:15+01:00   5805387138a2a7ca96bd79d0918cfc6c
sections/footer.liquid:
  development: 2018-04-12T10:41:15+01:00   e86a3bd9cda1dcb7faae6dc5bef6e867
sections/gallery.liquid:
  development: 2018-04-12T10:41:15+01:00   1f80893b2232040167fbb6f820d20ce8
sections/header.liquid:
  development: 2018-04-12T10:41:15+01:00   9587e0f9adb2925fee033ec53119b104
sections/hero.liquid:
  development: 2018-04-12T10:41:15+01:00   4486bb5fbd9d6babb388820372c5fa21
sections/highlight.liquid:
  development: 2018-04-12T10:41:15+01:00   4b2d651684d72b7487009b6e9ec0f323
sections/list-collections-template.liquid:
  development: 2018-04-12T10:41:15+01:00   693060ba58dedb9c1f5f05f7a380d06e
sections/map.liquid:
  development: 2018-04-12T10:41:15+01:00   fa3b143be46e2f58c643cd77a356b82a
sections/newsletter.liquid:
  development: 2018-04-12T10:41:15+01:00   36dc30d4a9e81ac9dda885e886a62beb
sections/password-content.liquid:
  development: 2018-04-12T10:41:15+01:00   84489e557fd049d29d0c0c9aa37fcdd1
sections/password-footer.liquid:
  development: 2018-04-12T10:41:15+01:00   6150a647d2491864eaaf72ee11b57334
sections/password-header.liquid:
  development: 2018-04-12T10:41:15+01:00   75c2f28653bbb373eac3cac397ffba9e
sections/philosophy-sections.liquid:
  development: 2018-04-17T11:14:36+01:00   d7ce3870d2cd46399bda55df0d37e43d
sections/product-featured-slider.liquid:
  development: 2018-04-12T10:41:15+01:00   4b82ee8b914e3bb4e9ec78a7fb5fb6ab
sections/product-gallery.liquid:
  development: 2018-04-12T10:41:16+01:00   16a7f42208695bb417ec602c94e4beb8
sections/product-review.liquid:
  development: 2018-04-12T10:41:16+01:00   bc1c9dc942f577d4baa26a808faf05f4
sections/product-template.liquid:
  development: 2018-04-12T10:41:16+01:00   ab58d673574db4323c8ec3d7e8da73ce
sections/product-video-popup.liquid:
  development: 2018-04-12T10:41:16+01:00   4d48abd36036940403f65b1900c189bd
sections/quotes.liquid:
  development: 2018-04-12T10:41:16+01:00   5d1bce2f44809915d2a3f1cddd2811a3
sections/rich-text.liquid:
  development: 2018-04-12T10:41:16+01:00   5a7995b1ba2fd7f418094b18654fe0de
sections/search-template.liquid:
  development: 2018-04-12T10:41:16+01:00   e51ed1cae46013c9cd4fdbc8e33daaa7
sections/slideshow.liquid:
  development: 2018-04-12T10:41:16+01:00   e0e2326e532df07af8ca4f74757014d3
sections/story-sections.liquid:
  development: 2018-04-17T09:55:54+01:00   656a91e3d0c38e0501ed333badaf4b56
sections/video.liquid:
  development: 2018-04-12T10:41:16+01:00   8953bff7a4ef794a739d3e06bc1241d6
snippets/article-card.liquid:
  development: 2018-04-12T10:41:19+01:00   c25b215fefc3e5a0f895b14ad7f3905c
snippets/bgset.liquid:
  development: 2018-04-12T10:41:19+01:00   9a6760d57fe34fcd1f7a7876e087b756
snippets/card-image.liquid:
  development: 2018-04-12T10:41:19+01:00   0c1a54ea815fd1c71243e848721616a0
snippets/cart-drawer.liquid:
  development: 2018-04-12T10:41:19+01:00   25e82ba500cecbf1d4cc5a1178025df0
snippets/collection-card.liquid:
  development: 2018-04-12T10:41:19+01:00   e808f2eceb28481e487f0aa57db42b9f
snippets/comment.liquid:
  development: 2018-04-12T10:41:19+01:00   dfe8768264bbcefb9282297e32929fa9
snippets/critical-css.liquid:
  development: 2018-04-12T10:41:19+01:00   a3e4defe76a8e28b4a5c80995ef39644
snippets/featured-article-card.liquid:
  development: 2018-04-12T10:41:19+01:00   c61f01f759a5b9c6a09fbe4617d64893
snippets/fox-wholesale.liquid:
  development: 2018-04-12T10:41:19+01:00   7e74242d922c84da9e0204970110cec5
snippets/google-fonts.liquid:
  development: 2018-04-12T10:41:19+01:00   377ddc183ac7882100f47299bb8e0467
snippets/icon-amazon_payments.liquid:
  development: 2018-04-12T10:41:19+01:00   ec8359cdda389706cc36ae917892d93f
snippets/icon-american_express.liquid:
  development: 2018-04-12T10:41:19+01:00   9da829decce6867b8de60a183c94d099
snippets/icon-apple_pay.liquid:
  development: 2018-04-12T10:41:19+01:00   e82e7acc46479ea2173926f8fad55db0
snippets/icon-arrow-down.liquid:
  development: 2018-04-12T10:41:19+01:00   5f04b092b5cf026cd6fab3f33ebdf036
snippets/icon-arrow-left.liquid:
  development: 2018-04-12T10:41:19+01:00   cd14a4a3d1381fa4c51026da37cf8ea0
snippets/icon-arrow-right-slideshow.liquid:
  development: 2018-04-12T10:41:19+01:00   fb976cd26c89f7179023244f175303a3
snippets/icon-arrow-right.liquid:
  development: 2018-04-12T10:41:19+01:00   d2ffeb88a5b63fd608ea046b9a600838
snippets/icon-bitcoin.liquid:
  development: 2018-04-12T10:41:19+01:00   d8cb31e0401818c1cb852348b6f27420
snippets/icon-box.liquid:
  development: 2018-04-12T10:41:19+01:00   d7b1339471b3992987bc056975376989
snippets/icon-burger.liquid:
  development: 2018-04-12T10:41:19+01:00   8f6e3bd02dac6b5a4496c529424c67f2
snippets/icon-card.liquid:
  development: 2018-04-12T10:41:19+01:00   ce2bef2bba08c286f5e365df741e3fef
snippets/icon-cart.liquid:
  development: 2018-04-12T10:41:20+01:00   382bafd5e5d83a2658f6fa14111cacb4
snippets/icon-check.liquid:
  development: 2018-04-12T10:41:20+01:00   3b907720158aa04f3d28bd5c80b3bf96
snippets/icon-checkmark.liquid:
  development: 2018-04-12T10:41:20+01:00   ed3423c04640922009187e8d33cda6fc
snippets/icon-cirrus.liquid:
  development: 2018-04-12T10:41:20+01:00   fcbd6ce7e38d7946c921c8ed6ad5ca71
snippets/icon-clock.liquid:
  development: 2018-04-12T10:41:20+01:00   ba2a5f87bdeffce312b83cd224aa7e08
snippets/icon-close.liquid:
  development: 2018-04-12T10:41:20+01:00   2656dc1044008a377484ac2271d0a0c9
snippets/icon-dankort.liquid:
  development: 2018-04-12T10:41:20+01:00   796e1e822b3e46784d303b48c9db5b29
snippets/icon-details.liquid:
  development: 2018-04-12T10:41:20+01:00   8e4fa5966722634ae7e6df54581a8afe
snippets/icon-diners_club.liquid:
  development: 2018-04-12T10:41:20+01:00   cf70ea54486bb14c286264f90dab9ff8
snippets/icon-discover.liquid:
  development: 2018-04-12T10:41:20+01:00   b43221b39bc3df37f7e6c7810d3e54d8
snippets/icon-dogecoin.liquid:
  development: 2018-04-12T10:41:20+01:00   6a35f5db9eb93d1ed563c6989ff30798
snippets/icon-dwolla.liquid:
  development: 2018-04-12T10:41:20+01:00   aeb86f67aad84adaf7635d2043cb89a9
snippets/icon-envelope.liquid:
  development: 2018-04-12T10:41:20+01:00   45b269de5508dbee1d689539b73a5fdf
snippets/icon-facebook.liquid:
  development: 2018-04-12T10:41:20+01:00   171f165ba852e612397c4000adf62fd3
snippets/icon-forbrugsforeningen.liquid:
  development: 2018-04-12T10:41:20+01:00   ff962a94f23046340766c215b0f14a52
snippets/icon-globe.liquid:
  development: 2018-04-12T10:41:20+01:00   6808771af234443155b44d7dd590cb3d
snippets/icon-google.liquid:
  development: 2018-04-12T10:41:20+01:00   bc7b21205b5056a79aa05d2f32e8bcee
snippets/icon-hamburger.liquid:
  development: 2018-04-12T10:41:20+01:00   376481fbfb3706d72c5a9ecd55394ae5
snippets/icon-header-bag.liquid:
  development: 2018-04-12T10:41:20+01:00   1fec66ce5b2bd7e9dc226b512d215992
snippets/icon-header-cart.liquid:
  development: 2018-04-12T10:41:20+01:00   9f7be40e41e875dc63337710977f7a45
snippets/icon-instagram.liquid:
  development: 2018-04-12T10:41:20+01:00   bf50214819f6e2a5f053593e2414526d
snippets/icon-interac.liquid:
  development: 2018-04-12T10:41:20+01:00   24c4d22a98c0574c32fc02fe39e34b80
snippets/icon-jcb.liquid:
  development: 2018-04-12T10:41:20+01:00   275259ce80a1b368d0e5afcf7d6bb6f3
snippets/icon-klarna.liquid:
  development: 2018-04-12T10:41:20+01:00   9faa80c27e5612a01f9f0f9fc3ad3d6f
snippets/icon-laser.liquid:
  development: 2018-04-12T10:41:20+01:00   bd1a0ecfe958b6a6e84bf80e0669a6da
snippets/icon-leaf.liquid:
  development: 2018-04-12T10:41:20+01:00   1da27719eeb4c5c1007eaa621389c0ae
snippets/icon-linearrow-left.liquid:
  development: 2018-04-12T10:41:20+01:00   46f86e657e5d98eb1b2cdf11fbbd5da4
snippets/icon-litecoin.liquid:
  development: 2018-04-12T10:41:21+01:00   051dfcb36fa17b532a087b12f0a49e0e
snippets/icon-lock.liquid:
  development: 2018-04-12T10:41:21+01:00   60ae7ba03d14efa582faed8855821a58
snippets/icon-logout.liquid:
  development: 2018-04-12T10:41:21+01:00   44c09b50050216e4fc925fda559d063e
snippets/icon-maestro.liquid:
  development: 2018-04-12T10:41:21+01:00   b987e558ecad607661489939ec8ca524
snippets/icon-master.liquid:
  development: 2018-04-12T10:41:21+01:00   7be93970b63c2fd0e2b319a35c00a9d7
snippets/icon-minus-small.liquid:
  development: 2018-04-12T10:41:21+01:00   0416cd76b28564e529f2223f83759dfa
snippets/icon-minus.liquid:
  development: 2018-04-12T10:41:21+01:00   78c513424d498299e865f8a242823ad0
snippets/icon-padlock.liquid:
  development: 2018-04-12T10:41:21+01:00   83097f352bbe12911e0380f17438dfda
snippets/icon-paypal.liquid:
  development: 2018-04-12T10:41:21+01:00   1b0d7db160b229b8519cccf2514ee676
snippets/icon-pinterest.liquid:
  development: 2018-04-12T10:41:21+01:00   701f2a785b3fa83d63e3ab54af060031
snippets/icon-playdesktop.liquid:
  development: 2018-04-12T10:41:21+01:00   9e5bb7a68afd7a085dc01fb2f649e902
snippets/icon-playmobile.liquid:
  development: 2018-04-12T10:41:21+01:00   a674c6e9a7118b671bff3a9d0ab7e57e
snippets/icon-plus-small.liquid:
  development: 2018-04-12T10:41:21+01:00   0121f973beb22b48f7acfd4225d5a76a
snippets/icon-plus.liquid:
  development: 2018-04-12T10:41:21+01:00   366727a7da9ea5bb916bae995b8d89e1
snippets/icon-pricetag.liquid:
  development: 2018-04-12T10:41:21+01:00   bcf5aed59f24a63403e9161cfdfba29a
snippets/icon-rss.liquid:
  development: 2018-04-12T10:41:21+01:00   6493d6bcb850513a55823d4ff62b0f8b
snippets/icon-search.liquid:
  development: 2018-04-12T10:41:21+01:00   d686994826947e0f74fb96145071327d
snippets/icon-share.liquid:
  development: 2018-04-12T10:41:21+01:00   f3c8a76a9837d080d141abc2931ac600
snippets/icon-shopify-logo.liquid:
  development: 2018-04-12T10:41:21+01:00   3f0b70f9e01be5b25507d25a732ecde7
snippets/icon-shopify_pay.liquid:
  development: 2018-04-12T10:41:21+01:00   0af2d9a3a7f1b14dfc11f8e4b9746c2d
snippets/icon-silhouette.liquid:
  development: 2018-04-12T10:41:21+01:00   b49a2b2d275fe17c84e76481c0bdd8e9
snippets/icon-snapchat.liquid:
  development: 2018-04-12T10:41:21+01:00   d6f0dedb86544b535e6ea5b25f66ef0d
snippets/icon-solo.liquid:
  development: 2018-04-12T10:41:21+01:00   b25ae03bf849e816d110bc1c1e6439e7
snippets/icon-stripe.liquid:
  development: 2018-04-12T10:41:21+01:00   208713954dff9de98f800df59763615d
snippets/icon-switch.liquid:
  development: 2018-04-12T10:41:21+01:00   26d43059f98996274c0fe414971fb271
snippets/icon-touchclose.liquid:
  development: 2018-04-12T10:41:21+01:00   6e91e00f5482bf2e967f6038d90d30a8
snippets/icon-touchshare.liquid:
  development: 2018-04-12T10:41:22+01:00   b623d31599ebf8d612692e9e4ac81b56
snippets/icon-trophy.liquid:
  development: 2018-04-12T10:41:22+01:00   e3399235669bc82ef25f35b99b3eb075
snippets/icon-truck.liquid:
  development: 2018-04-12T10:41:22+01:00   90e2066b3e0f68e72b5b9733273e1385
snippets/icon-tumblr.liquid:
  development: 2018-04-12T10:41:22+01:00   d71a4ada77a8a9b6bd792bdafef393de
snippets/icon-twitter.liquid:
  development: 2018-04-12T10:41:22+01:00   24047c22697a23a0baabf2804adc6c11
snippets/icon-user.liquid:
  development: 2018-04-12T10:41:22+01:00   c34571d5d6fe060da52e351250f6b4ab
snippets/icon-vimeo.liquid:
  development: 2018-04-12T10:41:22+01:00   a229ed8a1a81e6ef95ad621f8a34efb6
snippets/icon-visa.liquid:
  development: 2018-04-12T10:41:22+01:00   9098533cd59e385d2672f6d8b7fa4b04
snippets/icon-youtube.liquid:
  development: 2018-04-12T10:41:22+01:00   9d72c5bc3eaa14a3e7aefd921881b1ae
snippets/load-css.liquid:
  development: 2018-04-12T10:41:22+01:00   c4f93b65f1c52d989e7c682052da547a
snippets/no-blocks.liquid:
  development: 2018-04-12T10:41:22+01:00   0cb7d758b6df0feb07ae5804b4b627fa
snippets/page-card.liquid:
  development: 2018-04-12T10:41:22+01:00   327a0ef7238ae95e349a03a6639de1c8
snippets/pagination.liquid:
  development: 2018-04-12T10:41:22+01:00   456f50471da588f31d6d229a8fd41868
snippets/placeholder-collection.liquid:
  development: 2018-04-12T10:41:22+01:00   4782b63d724c9ebd2bf2573b98e634c3
snippets/placeholder-image.liquid:
  development: 2018-04-12T10:41:22+01:00   744b89fc1920ac26b9992a73f43a4408
snippets/placeholder-lifestyle.liquid:
  development: 2018-04-12T10:41:22+01:00   f7f57772e9e1ead91d75cacc7f600c66
snippets/placeholder-logo.liquid:
  development: 2018-04-12T10:41:22+01:00   1e2891b47a0d322df27e7952f71b49ec
snippets/placeholder-product.liquid:
  development: 2018-04-12T10:41:22+01:00   32f6c46b4d92af83aa24ee2cfec0eb0e
snippets/product-card.liquid:
  development: 2018-04-12T10:41:22+01:00   dfc715a6d56845bb0ad369dc56adae4a
snippets/product-form.liquid:
  development: 2018-04-12T10:41:22+01:00   b8634cf9f816681a1a00b4a20936a8da
snippets/search-bar.liquid:
  development: 2018-04-12T10:41:22+01:00   5842bd9745263ff18fc5360c31d04090
snippets/sec-article-template.liquid:
  development: 2018-04-17T08:42:02+01:00   be04369d63a78cfdbd286147aab769ba
snippets/sec-blog-template.liquid:
  development: 2018-04-17T08:46:05+01:00   b6f982c89bf99932193b9b9f6f333155
snippets/sec-cart-template.liquid:
  development: 2018-04-17T09:05:35+01:00   7a9cd62557a444cb54ed42be100faf75
snippets/sec-collection-list.liquid:
  development: 2018-04-17T10:15:30+01:00   679732cdb633416f442d60d50e1ec3bc
snippets/sec-collection-template.liquid:
  development: 2018-04-17T10:20:12+01:00   e8a773e55fa633d1436926975a431d44
snippets/sec-feature-row.liquid:
  development: 2018-04-17T08:17:37+01:00   ed0941d72c8f6b44710ea13f3c65efd2
snippets/sec-featured-blog.liquid:
  development: 2018-04-17T10:23:15+01:00   97ea99152c32bf4c5b28b718ac24a9f9
snippets/sec-featured-collection.liquid:
  development: 2018-04-17T08:50:56+01:00   f3d8f20a3e9c0dffa50a58eb33957081
snippets/sec-featured-product.liquid:
  development: 2018-04-17T08:53:37+01:00   6a7f46d17ffc5601ea63c7a4dab8638f
snippets/sec-featured-slider.liquid:
  development: 2018-04-17T08:55:55+01:00   686f893c4e667cfa8248eca57e49893c
snippets/sec-gallery.liquid:
  development: 2018-04-17T09:04:43+01:00   f144e1c2270d3ce04b97177ebd2723df
snippets/sec-hero.liquid:
  development: 2018-04-17T08:18:18+01:00   e2f93e8054d87c1ae9f231bbdf7e1630
snippets/sec-highlight.liquid:
  development: 2018-04-17T10:32:10+01:00   393c9f133f6b5e8d61dcb51abbe641b4
snippets/sec-list-collections-template.liquid:
  development: 2018-04-17T10:38:06+01:00   780b0b4b567cc15d8e6b407f32530d4b
snippets/sec-map.liquid:
  development: 2018-04-17T10:52:36+01:00   8460adc4a902c49d1c745c59645602bb
snippets/sec-newsletter.liquid:
  development: 2018-04-17T10:54:46+01:00   d78a3646a131ae930e7c6b766247f832
snippets/sec-product-featured-slider.liquid:
  development: 2018-04-17T11:08:54+01:00   51d15efb797e4afcf27919d4cc5ce475
snippets/sec-product-gallery.liquid:
  development: 2018-04-17T11:10:15+01:00   050593fba54861b8b825828f6bbcef5b
snippets/sec-product-review.liquid:
  development: 2018-04-17T11:12:05+01:00   da24f6f1f3d9b17963818813dd0fd978
snippets/sec-product-template.liquid:
  development: 2018-04-17T11:13:12+01:00   732f0be004197818591d4940174c4c2d
snippets/sec-product-video-popup.liquid:
  development: 2018-04-17T11:14:20+01:00   1816ce35f8009b27b1bd7a7dcc3353c7
snippets/sec-quotes.liquid:
  development: 2018-04-17T10:56:42+01:00   c1c38cf9b92ddd812860734a2eac071c
snippets/sec-rich-text.liquid:
  development: 2018-04-17T10:57:35+01:00   abfe1100aee919a4dbbc3976ba7b3d4b
snippets/sec-search-template.liquid:
  development: 2018-04-17T10:59:04+01:00   ffee7d3eacb7b63153485ac8c384542a
snippets/sec-slideshow.liquid:
  development: 2018-04-17T11:00:55+01:00   888579f777aca8998d83e6e2291f179d
snippets/sec-video.liquid:
  development: 2018-04-17T11:02:01+01:00   bd179554a3913fc9fe1f81fadbe8de68
snippets/social-links.liquid:
  development: 2018-04-12T10:41:22+01:00   d57cddddd257ef6a84576bad8b5a9c06
snippets/social-meta-tags.liquid:
  development: 2018-04-12T10:41:22+01:00   ae9e213401623b2601abf0ace8e21537
snippets/social-sharing.liquid:
  development: 2018-04-12T10:41:22+01:00   348c83ee4f149858971a6f7d3323c453
snippets/spinner.liquid:
  development: 2018-04-12T10:41:22+01:00   b0323390a705125bae519b9f76df498f
snippets/talon-member-banner.liquid:
  development: 2018-04-12T10:41:22+01:00   68bcffb43f7e9f70b9cfbc1d14aa11ad
snippets/talon-member-price-cart.liquid:
  development: 2018-04-12T10:41:23+01:00   f61c39f7357da0c074780aa7dc0dfcd2
snippets/talon-member-price-template.liquid:
  development: 2018-04-12T10:41:23+01:00   c3400c014c9b84772c869236674feab7
snippets/talon-member-pricing-product.liquid:
  development: 2018-04-12T10:41:23+01:00   cadca393e0fb1f4d4df3758c88024281
snippets/talon-price-swap.liquid:
  development: 2018-04-12T10:41:23+01:00   3550addd219fcabdba9d9cbf94ad51f5
snippets/talon-price-varies.liquid:
  development: 2018-04-12T10:41:23+01:00   e2e0eda13e6ecdd873c3db7cb19514e8
templates/404.liquid:
  development: 2018-04-12T10:41:23+01:00   e4fbd978bf36321d6c78194d94831ff1
templates/article.liquid:
  development: 2018-04-12T10:41:23+01:00   4cdd079a9d70ae40e126727ccbe47bde
templates/blog.liquid:
  development: 2018-04-12T10:41:23+01:00   e993cbd9a86c14397aa6b0cac4d2dfab
templates/cart.liquid:
  development: 2018-04-12T10:41:23+01:00   b03710de3ada196c1c2ec67019a934f0
templates/collection.liquid:
  development: 2018-04-12T10:41:23+01:00   f5828c431b327122f87cad5793058a1d
templates/customers/account.liquid:
  development: 2018-04-12T10:41:23+01:00   e76a444f955b90a4a6c681395a68c117
templates/customers/activate_account.liquid:
  development: 2018-04-12T10:41:23+01:00   b49ddf4f5328dafd2b736ec3385ffbd5
templates/customers/addresses.liquid:
  development: 2018-04-12T10:41:23+01:00   209884c39ea4819de14521d31453638a
templates/customers/login.liquid:
  development: 2018-04-12T10:41:23+01:00   3ee5816b9e4e91e07e7b8a552559d672
templates/customers/order.liquid:
  development: 2018-04-12T10:41:23+01:00   893808f2578bc8ca0b15e51843681efa
templates/customers/register.liquid:
  development: 2018-04-12T10:41:23+01:00   e8197c4960c85ce5d4e1d0fc5f8d06ff
templates/customers/reset_password.liquid:
  development: 2018-04-12T10:41:23+01:00   d52569cbb237fdb708404655426f6921
templates/gift_card.liquid:
  development: 2018-04-12T10:41:23+01:00   d780ee5d6b8079b7c6f958390f63b77d
templates/index.liquid:
  development: 2018-04-12T10:41:23+01:00   b2a0a05382c135215e50a0042c0f7cb7
templates/list-collections.liquid:
  development: 2018-04-12T10:41:23+01:00   2a3229f9bf1a7d5da0eb25003db24b63
templates/page.contact.liquid:
  development: 2018-04-12T10:41:23+01:00   c0c82539dc7a4f0f2e32b9c965a0a8e7
templates/page.liquid:
  development: 2018-04-12T10:41:23+01:00   e5ba0a99aa80677dc86be60993fbc632
templates/page.philosophy.liquid:
  development: 2018-04-17T09:50:24+01:00   c30f38f73a6c792d44edf9b3e2fa94fd
templates/page.story.liquid:
  development: 2018-04-17T09:50:19+01:00   9374b4ef59041c9f9f65987812031506
templates/password.liquid:
  development: 2018-04-12T10:41:23+01:00   30d1743d26765ce8c3fa53a3fdf9524f
templates/product.liquid:
  development: 2018-04-12T10:41:24+01:00   6938f55fc3c0030e332b39d05e31e982
templates/search.liquid:
  development: 2018-04-12T10:41:24+01:00   36e56dea53e5f5b4131c23124c2e9af6
