# THIS IS AN AUTOGENERATED FILE. DO NOT EDIT THIS FILE DIRECTLY.
assets/animate.css:
  development: 2018-05-03T17:04:45+01:00   346964e149ad49ccf4f3da77b66fa086
assets/banner-1.jpg:
  development: 2018-05-16T17:02:51+01:00   709c88ed66b2a57d300fab6f3ba3e3c6
assets/collection-feature-img.jpg:
  development: 2018-04-23T20:27:52+01:00   3f727e1ee5c3d3d5adac03d549eb4347
assets/custom.css:
  development: 2018-05-26T12:20:58+01:00   30f86af8c99d8507d93ea2426a9d76c7
assets/custom.js.liquid:
  development: 2018-05-26T12:21:38+01:00   45428fd8d6a41d3a8591220beca64c79
assets/ico-select.svg.liquid:
  development: 2018-04-19T08:08:39+01:00   765be6d2ef08d76aa0f1aab48a10e2b7
assets/lazysizes.min.js.liquid:
  development: 2018-04-19T08:08:39+01:00   5dd7f4f274a5573ed6575f43c21ad62d
assets/polyfills.js:
  development: 2018-04-19T08:08:39+01:00   b558f1a6f42adcd63f2c091d80185c7d
assets/sae_yellow_bullet.png:
  development: 2018-05-14T19:39:11+01:00   aefe09787e1df1c87c550345dea67c44
assets/scotchromanmt-webfont.woff:
  development: 2018-04-19T08:08:40+01:00   18e0d6a8dac15dcd65484ad3556de5fa
assets/scotchromanmt-webfont.woff2:
  development: 2018-04-19T08:08:40+01:00   8c37490ebafecfb4b01f56473e023677
assets/slick.eot:
  development: 2018-04-19T08:08:40+01:00   ced611daf7709cc778da928fec876475
assets/slick.svg:
  development: 2018-04-19T08:08:40+01:00   f97e3bbf73254b0112091d0192f17aec
assets/slick.ttf:
  development: 2018-04-19T08:08:40+01:00   d41f55a78e6f49a5512878df1737e58a
assets/slick.woff:
  development: 2018-04-19T08:08:41+01:00   b7c9e1e479de3b53f1e4e30ebac2403a
assets/slow-ageing-essentials-logo-white.png:
  development: 2018-05-04T13:06:21+01:00   d367ec2dac1556bf7283a7c3d5f4fa4e
assets/slow-ageing-essentials-white-icon.png:
  development: 2018-05-13T14:49:53+01:00   d2bffb8f1890050add3ec37ac94df1d8
assets/theme.asset.js:
  development: 2018-04-19T08:08:41+01:00   427dfeff6721510c378f32ae56069342
assets/theme.min.js.liquid:
  development: 2018-05-11T16:56:43+01:00   9fe10b0747c2e92cb7d0b2fd8065870f
assets/theme.scss.liquid:
  development: 2018-04-19T08:08:41+01:00   1a96bb414d0d3f77809de23bdbefb8c1
config/settings_data.json:
  development: 2018-04-19T08:13:05+01:00   497a1ced7ce42329b3921f300db9d98a
config/settings_schema.json:
  development: 2018-04-19T08:11:55+01:00   2667a4c314c64c92c0c1faa76b7eba45
layout/giftcard.liquid:
  development: 2018-04-19T08:08:41+01:00   383c724191e4fbe7c8e9db0667fdeba9
layout/password.liquid:
  development: 2018-04-19T08:08:41+01:00   7bf7399224d7760d8cf946f8ab1a15fe
layout/theme.liquid:
  development: 2018-05-16T20:40:18+01:00   945bedad9ad545c8e11ef00d84165f5c
locales/de.json:
  development: 2018-04-19T08:10:51+01:00   663d9003760f15ce1ff3151253ba1580
locales/en.default.json:
  development: 2018-04-19T08:08:42+01:00   dc4e4d1e2944ad6f06a6e6bccb0fb2a8
locales/es.json:
  development: 2018-04-19T08:12:28+01:00   a71f82b7f14f87e3a753e7cec226fe78
locales/fr.json:
  development: 2018-04-19T08:10:58+01:00   6e1edb37042db74903f72e04c34cf2c0
locales/it.json:
  development: 2018-04-19T08:12:02+01:00   664c0537a5626c88e6974c12d57b69c7
locales/ja.json:
  development: 2018-04-19T08:11:11+01:00   d111167410c1a0f95b1cd63452695e7e
locales/pt-BR.json:
  development: 2018-04-19T08:11:07+01:00   33fb3614e72e43c76f3cbf6efb6fb727
locales/pt-PT.json:
  development: 2018-04-19T08:11:30+01:00   65e446a311dac4747fa105feef783651
sections/ab-custom-content-1.liquid:
  development: 2018-05-11T18:22:12+01:00   845c799c2cccbb0bb578fbacd2efcfe5
sections/ab-custom-content-2.liquid:
  development: 2018-04-26T11:50:05+01:00   0fe7dc101b4eb8d2c690badcaf3a73dd
sections/ab-custom-content-3.liquid:
  development: 2018-04-26T11:50:05+01:00   0fe7dc101b4eb8d2c690badcaf3a73dd
sections/ab-custom-content-4.liquid:
  development: 2018-04-26T11:50:06+01:00   0fe7dc101b4eb8d2c690badcaf3a73dd
sections/ab-custom-content-5.liquid:
  development: 2018-04-26T11:50:06+01:00   0fe7dc101b4eb8d2c690badcaf3a73dd
sections/ab-custom-content-6.liquid:
  development: 2018-04-26T11:50:06+01:00   0fe7dc101b4eb8d2c690badcaf3a73dd
sections/ab-custom-content-7.liquid:
  development: 2018-04-26T11:50:07+01:00   0fe7dc101b4eb8d2c690badcaf3a73dd
sections/ab-custom-gallery.liquid:
  development: 2018-05-04T14:04:50+01:00   1f80893b2232040167fbb6f820d20ce8
sections/ab-feature-row-1.liquid:
  development: 2018-05-10T09:29:54+01:00   933a503824a43ecdc9f0fadea2037772
sections/ab-feature-row-2.liquid:
  development: 2018-05-10T09:29:55+01:00   933a503824a43ecdc9f0fadea2037772
sections/ab-feature-row-3.liquid:
  development: 2018-05-10T09:29:55+01:00   933a503824a43ecdc9f0fadea2037772
sections/ab-featured-collection-1.liquid:
  development: 2018-05-02T12:29:54+01:00   112b2f45eee189a14faf0126b1503fac
sections/ab-featured-slider-1.liquid:
  development: 2018-04-26T11:50:07+01:00   5805387138a2a7ca96bd79d0918cfc6c
sections/ab-featured-slider-2.liquid:
  development: 2018-04-26T11:50:08+01:00   5805387138a2a7ca96bd79d0918cfc6c
sections/ab-featured-slider-3.liquid:
  development: 2018-04-26T11:50:08+01:00   5805387138a2a7ca96bd79d0918cfc6c
sections/ab-featured-slider-4.liquid:
  development: 2018-04-26T11:50:09+01:00   5805387138a2a7ca96bd79d0918cfc6c
sections/ab-gallery-1.liquid:
  development: 2018-05-09T17:23:27+01:00   29e84ba0337e3ad802fcc689f784af8d
sections/ab-gallery-2.liquid:
  development: 2018-05-04T21:05:20+01:00   e1cc1d68688ec77f8de13eeff4dc73ff
sections/ab-gallery-3.liquid:
  development: 2018-04-26T11:50:10+01:00   1f80893b2232040167fbb6f820d20ce8
sections/ab-gallery-4.liquid:
  development: 2018-04-26T11:50:17+01:00   1f80893b2232040167fbb6f820d20ce8
sections/ab-hero-1.liquid:
  development: 2018-04-26T11:47:18+01:00   4486bb5fbd9d6babb388820372c5fa21
sections/ab-hero-2.liquid:
  development: 2018-04-26T11:50:14+01:00   4486bb5fbd9d6babb388820372c5fa21
sections/ab-hero-3.liquid:
  development: 2018-04-26T11:50:11+01:00   4486bb5fbd9d6babb388820372c5fa21
sections/ab-hero-4.liquid:
  development: 2018-04-26T11:50:13+01:00   4486bb5fbd9d6babb388820372c5fa21
sections/ab-hero-5.liquid:
  development: 2018-05-13T13:39:19+01:00   d5d753ea1e249f91291d5593d573b209
sections/ab-highlight-1.liquid:
  development: 2018-05-10T09:29:56+01:00   a1526232376197e7346905dad0358435
sections/ab-highlight-2.liquid:
  development: 2018-05-10T09:29:58+01:00   a1526232376197e7346905dad0358435
sections/ab-highlight-3.liquid:
  development: 2018-05-10T09:29:58+01:00   a1526232376197e7346905dad0358435
sections/ab-highlight-4.liquid:
  development: 2018-05-10T09:29:58+01:00   a1526232376197e7346905dad0358435
sections/ab-quotes-1.liquid:
  development: 2018-04-26T11:50:15+01:00   5d1bce2f44809915d2a3f1cddd2811a3
sections/ab-quotes-2.liquid:
  development: 2018-04-26T11:50:16+01:00   5d1bce2f44809915d2a3f1cddd2811a3
sections/ab-quotes-3.liquid:
  development: 2018-04-26T11:50:16+01:00   5d1bce2f44809915d2a3f1cddd2811a3
sections/ab-quotes-4.liquid:
  development: 2018-04-26T11:50:15+01:00   5d1bce2f44809915d2a3f1cddd2811a3
sections/ab-rich-text-1.liquid:
  development: 2018-04-26T11:50:17+01:00   5a7995b1ba2fd7f418094b18654fe0de
sections/ab-rich-text-2.liquid:
  development: 2018-04-26T11:50:18+01:00   5a7995b1ba2fd7f418094b18654fe0de
sections/ab-rich-text-3.liquid:
  development: 2018-04-26T11:50:18+01:00   5a7995b1ba2fd7f418094b18654fe0de
sections/ab-rich-text-4.liquid:
  development: 2018-04-26T11:50:19+01:00   5a7995b1ba2fd7f418094b18654fe0de
sections/ab-slideshow-1.liquid:
  development: 2018-04-26T11:52:07+01:00   e0e2326e532df07af8ca4f74757014d3
sections/ab-slideshow-2.liquid:
  development: 2018-04-26T11:50:20+01:00   e0e2326e532df07af8ca4f74757014d3
sections/ab-slideshow-3.liquid:
  development: 2018-04-26T11:50:20+01:00   e0e2326e532df07af8ca4f74757014d3
sections/ab-slideshow-4.liquid:
  development: 2018-04-26T11:52:08+01:00   e0e2326e532df07af8ca4f74757014d3
sections/article-template.liquid:
  development: 2018-04-19T08:08:31+01:00   f9fc8b1a796fd0fa516107ee8046d46e
sections/blog-template.liquid:
  development: 2018-04-19T08:08:31+01:00   64e16cdfe1673d1a7c7f823e8b7975dc
sections/cart-template.liquid:
  development: 2018-05-21T17:01:10+01:00   394152bcd2d8f069678e4d33ee737ad3
sections/collection-list.liquid:
  development: 2018-04-19T08:08:31+01:00   ba4c7e04b9cbf879af78a55788231112
sections/collection-template.liquid:
  development: 2018-04-19T08:08:31+01:00   9ac477a9a0710900381484ed1c836004
sections/custom-content.liquid:
  development: 2018-05-07T19:01:23+01:00   b453a1ed59b502c58684192efe804c28
sections/feature-row.liquid:
  development: 2018-05-10T09:29:57+01:00   933a503824a43ecdc9f0fadea2037772
sections/featured-blog.liquid:
  development: 2018-05-14T20:23:42+01:00   928da5114ce3a5c9a49e6e42a3808e79
sections/featured-collection.liquid:
  development: 2018-05-13T13:25:06+01:00   bdc24fb46bb42209567230b10fbe2425
sections/featured-product.liquid:
  development: 2018-04-19T08:08:31+01:00   d4b57210cbc4c13d62d191c0f0ee97cd
sections/featured-slider.liquid:
  development: 2018-04-19T08:08:31+01:00   5805387138a2a7ca96bd79d0918cfc6c
sections/footer.liquid:
  development: 2018-05-06T22:16:09+01:00   224757bd5e200b030dd38c1803649573
sections/gallery.liquid:
  development: 2018-04-19T08:08:31+01:00   1f80893b2232040167fbb6f820d20ce8
sections/header.liquid:
  development: 2018-05-17T19:13:58+01:00   70adf9d1ed52e7b26bd3d26ce20b5be0
sections/hero.liquid:
  development: 2018-04-19T08:08:32+01:00   4486bb5fbd9d6babb388820372c5fa21
sections/highlight.liquid:
  development: 2018-05-10T09:29:58+01:00   a1526232376197e7346905dad0358435
sections/list-collections-template.liquid:
  development: 2018-04-19T08:08:32+01:00   693060ba58dedb9c1f5f05f7a380d06e
sections/map.liquid:
  development: 2018-04-19T08:08:32+01:00   fa3b143be46e2f58c643cd77a356b82a
sections/newsletter.liquid:
  development: 2018-05-09T17:19:40+01:00   bd0da34ead1f5f64029b9a2034d7cbf8
sections/password-content.liquid:
  development: 2018-04-19T08:08:32+01:00   84489e557fd049d29d0c0c9aa37fcdd1
sections/password-footer.liquid:
  development: 2018-04-19T08:08:32+01:00   6150a647d2491864eaaf72ee11b57334
sections/password-header.liquid:
  development: 2018-04-19T08:08:32+01:00   75c2f28653bbb373eac3cac397ffba9e
sections/ph-custom-content-1.liquid:
  development: 2018-04-19T08:08:32+01:00   0fe7dc101b4eb8d2c690badcaf3a73dd
sections/ph-custom-content-2.liquid:
  development: 2018-04-19T08:08:32+01:00   0fe7dc101b4eb8d2c690badcaf3a73dd
sections/ph-custom-content-3.liquid:
  development: 2018-04-19T08:08:32+01:00   0fe7dc101b4eb8d2c690badcaf3a73dd
sections/ph-custom-content-4.liquid:
  development: 2018-04-19T08:08:32+01:00   0fe7dc101b4eb8d2c690badcaf3a73dd
sections/ph-custom-content-5.liquid:
  development: 2018-04-19T08:08:32+01:00   0fe7dc101b4eb8d2c690badcaf3a73dd
sections/ph-custom-content-6.liquid:
  development: 2018-04-19T08:08:33+01:00   0fe7dc101b4eb8d2c690badcaf3a73dd
sections/ph-custom-content-7.liquid:
  development: 2018-04-19T08:08:33+01:00   0fe7dc101b4eb8d2c690badcaf3a73dd
sections/ph-feature-row-1.liquid:
  development: 2018-05-07T20:57:26+01:00   9f59a1260877a45b96dd79a3a3d3a9db
sections/ph-feature-row-2.liquid:
  development: 2018-05-10T09:29:58+01:00   933a503824a43ecdc9f0fadea2037772
sections/ph-feature-row-3.liquid:
  development: 2018-05-10T09:29:59+01:00   933a503824a43ecdc9f0fadea2037772
sections/ph-featured-collection-1.liquid:
  development: 2018-05-02T12:29:58+01:00   65e7971046107053a6d93889018f7078
sections/ph-featured-slider-1.liquid:
  development: 2018-04-19T08:08:33+01:00   5805387138a2a7ca96bd79d0918cfc6c
sections/ph-featured-slider-2.liquid:
  development: 2018-04-19T08:08:33+01:00   5805387138a2a7ca96bd79d0918cfc6c
sections/ph-featured-slider-3.liquid:
  development: 2018-04-19T08:08:33+01:00   5805387138a2a7ca96bd79d0918cfc6c
sections/ph-featured-slider-4.liquid:
  development: 2018-04-19T08:08:33+01:00   5805387138a2a7ca96bd79d0918cfc6c
sections/ph-gallery-1.liquid:
  development: 2018-04-19T08:08:33+01:00   1f80893b2232040167fbb6f820d20ce8
sections/ph-gallery-2.liquid:
  development: 2018-04-19T08:08:33+01:00   1f80893b2232040167fbb6f820d20ce8
sections/ph-gallery-3.liquid:
  development: 2018-04-19T08:08:33+01:00   1f80893b2232040167fbb6f820d20ce8
sections/ph-gallery-4.liquid:
  development: 2018-04-19T08:08:33+01:00   1f80893b2232040167fbb6f820d20ce8
sections/ph-hero-1.liquid:
  development: 2018-04-19T08:08:33+01:00   4486bb5fbd9d6babb388820372c5fa21
sections/ph-hero-2.liquid:
  development: 2018-04-19T08:08:33+01:00   4486bb5fbd9d6babb388820372c5fa21
sections/ph-hero-3.liquid:
  development: 2018-04-19T08:08:33+01:00   4486bb5fbd9d6babb388820372c5fa21
sections/ph-hero-4.liquid:
  development: 2018-04-19T08:08:33+01:00   4486bb5fbd9d6babb388820372c5fa21
sections/ph-highlight-1.liquid:
  development: 2018-05-10T09:30:00+01:00   a1526232376197e7346905dad0358435
sections/ph-highlight-2.liquid:
  development: 2018-05-10T09:30:00+01:00   a1526232376197e7346905dad0358435
sections/ph-highlight-3.liquid:
  development: 2018-05-10T09:30:01+01:00   a1526232376197e7346905dad0358435
sections/ph-highlight-4.liquid:
  development: 2018-05-10T09:30:01+01:00   a1526232376197e7346905dad0358435
sections/ph-quotes-1.liquid:
  development: 2018-04-19T08:08:34+01:00   5d1bce2f44809915d2a3f1cddd2811a3
sections/ph-quotes-2.liquid:
  development: 2018-04-19T08:08:34+01:00   5d1bce2f44809915d2a3f1cddd2811a3
sections/ph-quotes-3.liquid:
  development: 2018-04-19T08:08:34+01:00   5d1bce2f44809915d2a3f1cddd2811a3
sections/ph-quotes-4.liquid:
  development: 2018-04-19T08:08:34+01:00   5d1bce2f44809915d2a3f1cddd2811a3
sections/ph-rich-text-1.liquid:
  development: 2018-04-19T08:08:34+01:00   5a7995b1ba2fd7f418094b18654fe0de
sections/ph-rich-text-2.liquid:
  development: 2018-04-19T08:08:34+01:00   5a7995b1ba2fd7f418094b18654fe0de
sections/ph-rich-text-3.liquid:
  development: 2018-04-19T08:08:34+01:00   5a7995b1ba2fd7f418094b18654fe0de
sections/ph-rich-text-4.liquid:
  development: 2018-04-19T08:08:34+01:00   5a7995b1ba2fd7f418094b18654fe0de
sections/ph-slideshow-1.liquid:
  development: 2018-04-19T08:08:34+01:00   e0e2326e532df07af8ca4f74757014d3
sections/ph-slideshow-2.liquid:
  development: 2018-04-19T08:08:34+01:00   e0e2326e532df07af8ca4f74757014d3
sections/ph-slideshow-3.liquid:
  development: 2018-04-19T08:08:35+01:00   e0e2326e532df07af8ca4f74757014d3
sections/ph-slideshow-4.liquid:
  development: 2018-04-19T08:08:35+01:00   e0e2326e532df07af8ca4f74757014d3
sections/product-featured-slider.liquid:
  development: 2018-05-10T09:33:44+01:00   2ee7b69ea69150a7cc4c05abad7cea58
sections/product-gallery.liquid:
  development: 2018-04-19T08:08:35+01:00   16a7f42208695bb417ec602c94e4beb8
sections/product-review.liquid:
  development: 2018-05-10T09:30:01+01:00   6209ffe3d6844058c8dd28f49073b0a3
sections/product-template.liquid:
  development: 2018-05-04T20:48:26+01:00   79e44fd940929b18edc2a8a6d1110336
sections/product-video-popup.liquid:
  development: 2018-05-10T09:30:02+01:00   5db96725d82034397d4e6c2c052a2c62
sections/quotes.liquid:
  development: 2018-04-19T08:08:35+01:00   5d1bce2f44809915d2a3f1cddd2811a3
sections/rich-text.liquid:
  development: 2018-04-19T08:08:35+01:00   5a7995b1ba2fd7f418094b18654fe0de
sections/sa-article-template.liquid:
  development: 2018-04-19T09:33:02+01:00   f9fc8b1a796fd0fa516107ee8046d46e
sections/sa-blog-template.liquid:
  development: 2018-05-13T14:08:56+01:00   a98ad9e8f47d961ca8e952f3b61893b2
sections/search-template.liquid:
  development: 2018-04-19T08:08:35+01:00   e51ed1cae46013c9cd4fdbc8e33daaa7
sections/slideshow.liquid:
  development: 2018-04-19T08:08:35+01:00   e0e2326e532df07af8ca4f74757014d3
sections/st-custom-content-1.liquid:
  development: 2018-04-19T08:08:35+01:00   0fe7dc101b4eb8d2c690badcaf3a73dd
sections/st-custom-content-2.liquid:
  development: 2018-04-19T08:08:36+01:00   0fe7dc101b4eb8d2c690badcaf3a73dd
sections/st-custom-content-3.liquid:
  development: 2018-04-19T08:08:36+01:00   0fe7dc101b4eb8d2c690badcaf3a73dd
sections/st-custom-content-4.liquid:
  development: 2018-04-19T08:08:36+01:00   0fe7dc101b4eb8d2c690badcaf3a73dd
sections/st-custom-content-5.liquid:
  development: 2018-04-19T08:08:36+01:00   0fe7dc101b4eb8d2c690badcaf3a73dd
sections/st-custom-content-6.liquid:
  development: 2018-04-19T08:08:36+01:00   0fe7dc101b4eb8d2c690badcaf3a73dd
sections/st-custom-content-7.liquid:
  development: 2018-05-01T19:18:21+01:00   1ac30c85713570c95cd848a3f2356dc2
sections/st-feature-row-1.liquid:
  development: 2018-05-01T17:26:17+01:00   1f7843dd44ef8fe1598c81beed3e08e6
sections/st-feature-row-2.liquid:
  development: 2018-05-10T09:30:03+01:00   933a503824a43ecdc9f0fadea2037772
sections/st-feature-row-3.liquid:
  development: 2018-05-10T09:30:04+01:00   933a503824a43ecdc9f0fadea2037772
sections/st-featured-collection-1.liquid:
  development: 2018-05-02T12:26:36+01:00   d1a6b31a2fbc03df367b71b26c56ea82
sections/st-featured-slider-1.liquid:
  development: 2018-04-19T08:08:36+01:00   5805387138a2a7ca96bd79d0918cfc6c
sections/st-featured-slider-2.liquid:
  development: 2018-04-19T08:08:36+01:00   5805387138a2a7ca96bd79d0918cfc6c
sections/st-featured-slider-3.liquid:
  development: 2018-04-19T08:08:36+01:00   5805387138a2a7ca96bd79d0918cfc6c
sections/st-featured-slider-4.liquid:
  development: 2018-04-19T08:08:36+01:00   5805387138a2a7ca96bd79d0918cfc6c
sections/st-gallery-1.liquid:
  development: 2018-04-19T08:08:36+01:00   1f80893b2232040167fbb6f820d20ce8
sections/st-gallery-2.liquid:
  development: 2018-04-19T08:08:36+01:00   1f80893b2232040167fbb6f820d20ce8
sections/st-gallery-3.liquid:
  development: 2018-04-19T08:08:37+01:00   1f80893b2232040167fbb6f820d20ce8
sections/st-gallery-4.liquid:
  development: 2018-04-19T08:08:37+01:00   1f80893b2232040167fbb6f820d20ce8
sections/st-hero-1.liquid:
  development: 2018-04-19T08:08:37+01:00   4486bb5fbd9d6babb388820372c5fa21
sections/st-hero-2.liquid:
  development: 2018-05-06T23:07:58+01:00   23034851648a8b79f0bb27b8739279da
sections/st-hero-3.liquid:
  development: 2018-04-19T08:08:37+01:00   4486bb5fbd9d6babb388820372c5fa21
sections/st-hero-4.liquid:
  development: 2018-04-19T08:08:37+01:00   4486bb5fbd9d6babb388820372c5fa21
sections/st-hero-5.liquid:
  development: 2018-04-21T15:53:50+01:00   4486bb5fbd9d6babb388820372c5fa21
sections/st-hero-6.liquid:
  development: 2018-05-01T14:01:44+01:00   4486bb5fbd9d6babb388820372c5fa21
sections/st-hero-7.liquid:
  development: 2018-05-06T18:11:48+01:00   4486bb5fbd9d6babb388820372c5fa21
sections/st-highlight-1.liquid:
  development: 2018-05-10T09:31:47+01:00   a1526232376197e7346905dad0358435
sections/st-highlight-2.liquid:
  development: 2018-05-10T09:30:05+01:00   a1526232376197e7346905dad0358435
sections/st-highlight-3.liquid:
  development: 2018-05-10T09:32:04+01:00   a1526232376197e7346905dad0358435
sections/st-highlight-4.liquid:
  development: 2018-05-10T09:32:09+01:00   a1526232376197e7346905dad0358435
sections/st-quotes-1.liquid:
  development: 2018-04-19T08:08:37+01:00   5d1bce2f44809915d2a3f1cddd2811a3
sections/st-quotes-2.liquid:
  development: 2018-04-19T08:08:37+01:00   5d1bce2f44809915d2a3f1cddd2811a3
sections/st-quotes-3.liquid:
  development: 2018-04-19T08:08:37+01:00   5d1bce2f44809915d2a3f1cddd2811a3
sections/st-quotes-4.liquid:
  development: 2018-04-19T08:08:37+01:00   5d1bce2f44809915d2a3f1cddd2811a3
sections/st-rich-text-1.liquid:
  development: 2018-04-19T08:08:38+01:00   5a7995b1ba2fd7f418094b18654fe0de
sections/st-rich-text-2.liquid:
  development: 2018-04-19T08:08:38+01:00   5a7995b1ba2fd7f418094b18654fe0de
sections/st-rich-text-3.liquid:
  development: 2018-04-19T08:08:38+01:00   5a7995b1ba2fd7f418094b18654fe0de
sections/st-rich-text-4.liquid:
  development: 2018-04-19T08:08:38+01:00   5a7995b1ba2fd7f418094b18654fe0de
sections/st-slideshow-1.liquid:
  development: 2018-04-19T08:08:38+01:00   e0e2326e532df07af8ca4f74757014d3
sections/st-slideshow-2.liquid:
  development: 2018-04-19T08:08:38+01:00   e0e2326e532df07af8ca4f74757014d3
sections/st-slideshow-3.liquid:
  development: 2018-04-19T08:08:38+01:00   e0e2326e532df07af8ca4f74757014d3
sections/st-slideshow-4.liquid:
  development: 2018-04-19T08:08:38+01:00   e0e2326e532df07af8ca4f74757014d3
sections/video.liquid:
  development: 2018-04-19T08:08:38+01:00   8953bff7a4ef794a739d3e06bc1241d6
snippets/article-card.liquid:
  development: 2018-05-02T19:56:28+01:00   d7a9b3566da0494a2ba012ab5eb7a419
snippets/bgset.liquid:
  development: 2018-04-19T08:08:42+01:00   9a6760d57fe34fcd1f7a7876e087b756
snippets/card-image.liquid:
  development: 2018-05-14T19:52:36+01:00   736d805ab8f54480a76d9955229fd2ec
snippets/cart-drawer.liquid:
  development: 2018-04-19T08:08:42+01:00   25e82ba500cecbf1d4cc5a1178025df0
snippets/collection-card.liquid:
  development: 2018-05-13T13:24:59+01:00   d6e880cdf5bd619281ee007b569dc905
snippets/comment.liquid:
  development: 2018-04-19T08:08:42+01:00   dfe8768264bbcefb9282297e32929fa9
snippets/critical-css.liquid:
  development: 2018-04-19T08:08:42+01:00   a3e4defe76a8e28b4a5c80995ef39644
snippets/featured-article-card.liquid:
  development: 2018-05-09T17:36:44+01:00   18a2e3888e57ce74ec73979fc5640127
snippets/fox-wholesale.liquid:
  development: 2018-04-19T08:08:43+01:00   7e74242d922c84da9e0204970110cec5
snippets/google-fonts.liquid:
  development: 2018-04-19T08:08:43+01:00   377ddc183ac7882100f47299bb8e0467
snippets/icon-amazon_payments.liquid:
  development: 2018-04-19T08:08:43+01:00   ec8359cdda389706cc36ae917892d93f
snippets/icon-american_express.liquid:
  development: 2018-04-19T08:08:43+01:00   9da829decce6867b8de60a183c94d099
snippets/icon-apple_pay.liquid:
  development: 2018-04-19T08:08:43+01:00   e82e7acc46479ea2173926f8fad55db0
snippets/icon-arrow-down.liquid:
  development: 2018-04-19T08:08:43+01:00   5f04b092b5cf026cd6fab3f33ebdf036
snippets/icon-arrow-left.liquid:
  development: 2018-04-19T08:08:43+01:00   cd14a4a3d1381fa4c51026da37cf8ea0
snippets/icon-arrow-right-slideshow.liquid:
  development: 2018-04-19T08:08:43+01:00   fb976cd26c89f7179023244f175303a3
snippets/icon-arrow-right.liquid:
  development: 2018-04-19T08:08:43+01:00   d2ffeb88a5b63fd608ea046b9a600838
snippets/icon-bitcoin.liquid:
  development: 2018-04-19T08:08:43+01:00   d8cb31e0401818c1cb852348b6f27420
snippets/icon-box.liquid:
  development: 2018-04-19T08:08:43+01:00   d7b1339471b3992987bc056975376989
snippets/icon-burger.liquid:
  development: 2018-04-19T08:08:43+01:00   8f6e3bd02dac6b5a4496c529424c67f2
snippets/icon-card.liquid:
  development: 2018-04-19T08:08:43+01:00   ce2bef2bba08c286f5e365df741e3fef
snippets/icon-cart.liquid:
  development: 2018-04-19T08:08:43+01:00   382bafd5e5d83a2658f6fa14111cacb4
snippets/icon-check.liquid:
  development: 2018-04-19T08:08:43+01:00   3b907720158aa04f3d28bd5c80b3bf96
snippets/icon-checkmark.liquid:
  development: 2018-04-19T08:08:43+01:00   ed3423c04640922009187e8d33cda6fc
snippets/icon-cirrus.liquid:
  development: 2018-04-19T08:08:43+01:00   fcbd6ce7e38d7946c921c8ed6ad5ca71
snippets/icon-clock.liquid:
  development: 2018-04-19T08:08:44+01:00   ba2a5f87bdeffce312b83cd224aa7e08
snippets/icon-close.liquid:
  development: 2018-04-19T08:08:44+01:00   2656dc1044008a377484ac2271d0a0c9
snippets/icon-dankort.liquid:
  development: 2018-04-19T08:08:44+01:00   796e1e822b3e46784d303b48c9db5b29
snippets/icon-details.liquid:
  development: 2018-04-19T08:08:44+01:00   8e4fa5966722634ae7e6df54581a8afe
snippets/icon-diners_club.liquid:
  development: 2018-04-19T08:08:44+01:00   cf70ea54486bb14c286264f90dab9ff8
snippets/icon-discover.liquid:
  development: 2018-04-19T08:08:44+01:00   b43221b39bc3df37f7e6c7810d3e54d8
snippets/icon-dogecoin.liquid:
  development: 2018-04-19T08:08:44+01:00   6a35f5db9eb93d1ed563c6989ff30798
snippets/icon-dwolla.liquid:
  development: 2018-04-19T08:08:44+01:00   aeb86f67aad84adaf7635d2043cb89a9
snippets/icon-envelope.liquid:
  development: 2018-04-19T08:08:44+01:00   45b269de5508dbee1d689539b73a5fdf
snippets/icon-facebook.liquid:
  development: 2018-04-19T08:08:44+01:00   171f165ba852e612397c4000adf62fd3
snippets/icon-forbrugsforeningen.liquid:
  development: 2018-04-19T08:08:44+01:00   ff962a94f23046340766c215b0f14a52
snippets/icon-globe.liquid:
  development: 2018-04-19T08:08:44+01:00   6808771af234443155b44d7dd590cb3d
snippets/icon-google.liquid:
  development: 2018-04-19T08:08:44+01:00   bc7b21205b5056a79aa05d2f32e8bcee
snippets/icon-hamburger.liquid:
  development: 2018-04-19T08:08:44+01:00   376481fbfb3706d72c5a9ecd55394ae5
snippets/icon-header-bag.liquid:
  development: 2018-04-19T08:08:44+01:00   1fec66ce5b2bd7e9dc226b512d215992
snippets/icon-header-cart.liquid:
  development: 2018-04-19T08:08:44+01:00   9f7be40e41e875dc63337710977f7a45
snippets/icon-instagram.liquid:
  development: 2018-04-19T08:08:44+01:00   bf50214819f6e2a5f053593e2414526d
snippets/icon-interac.liquid:
  development: 2018-04-19T08:08:44+01:00   24c4d22a98c0574c32fc02fe39e34b80
snippets/icon-jcb.liquid:
  development: 2018-04-19T08:08:45+01:00   275259ce80a1b368d0e5afcf7d6bb6f3
snippets/icon-klarna.liquid:
  development: 2018-04-19T08:08:45+01:00   9faa80c27e5612a01f9f0f9fc3ad3d6f
snippets/icon-laser.liquid:
  development: 2018-04-19T08:08:45+01:00   bd1a0ecfe958b6a6e84bf80e0669a6da
snippets/icon-leaf.liquid:
  development: 2018-04-19T08:08:45+01:00   1da27719eeb4c5c1007eaa621389c0ae
snippets/icon-linearrow-left.liquid:
  development: 2018-04-19T08:08:45+01:00   46f86e657e5d98eb1b2cdf11fbbd5da4
snippets/icon-litecoin.liquid:
  development: 2018-04-19T08:08:45+01:00   051dfcb36fa17b532a087b12f0a49e0e
snippets/icon-lock.liquid:
  development: 2018-04-19T08:08:45+01:00   60ae7ba03d14efa582faed8855821a58
snippets/icon-logout.liquid:
  development: 2018-04-19T08:08:45+01:00   44c09b50050216e4fc925fda559d063e
snippets/icon-maestro.liquid:
  development: 2018-04-19T08:08:45+01:00   b987e558ecad607661489939ec8ca524
snippets/icon-master.liquid:
  development: 2018-04-19T08:08:45+01:00   7be93970b63c2fd0e2b319a35c00a9d7
snippets/icon-minus-small.liquid:
  development: 2018-04-19T08:08:45+01:00   0416cd76b28564e529f2223f83759dfa
snippets/icon-minus.liquid:
  development: 2018-04-19T08:08:45+01:00   78c513424d498299e865f8a242823ad0
snippets/icon-padlock.liquid:
  development: 2018-04-19T08:08:45+01:00   83097f352bbe12911e0380f17438dfda
snippets/icon-paypal.liquid:
  development: 2018-04-19T08:08:45+01:00   1b0d7db160b229b8519cccf2514ee676
snippets/icon-pinterest.liquid:
  development: 2018-04-19T08:08:45+01:00   701f2a785b3fa83d63e3ab54af060031
snippets/icon-playdesktop.liquid:
  development: 2018-04-19T08:08:45+01:00   9e5bb7a68afd7a085dc01fb2f649e902
snippets/icon-playmobile.liquid:
  development: 2018-04-19T08:08:45+01:00   a674c6e9a7118b671bff3a9d0ab7e57e
snippets/icon-plus-small.liquid:
  development: 2018-04-19T08:08:45+01:00   0121f973beb22b48f7acfd4225d5a76a
snippets/icon-plus.liquid:
  development: 2018-04-19T08:08:46+01:00   366727a7da9ea5bb916bae995b8d89e1
snippets/icon-pricetag.liquid:
  development: 2018-04-19T08:08:46+01:00   bcf5aed59f24a63403e9161cfdfba29a
snippets/icon-rss.liquid:
  development: 2018-04-19T08:08:46+01:00   6493d6bcb850513a55823d4ff62b0f8b
snippets/icon-search.liquid:
  development: 2018-04-19T08:08:46+01:00   d686994826947e0f74fb96145071327d
snippets/icon-share.liquid:
  development: 2018-04-19T08:08:46+01:00   f3c8a76a9837d080d141abc2931ac600
snippets/icon-shopify-logo.liquid:
  development: 2018-04-19T08:08:46+01:00   3f0b70f9e01be5b25507d25a732ecde7
snippets/icon-shopify_pay.liquid:
  development: 2018-04-19T08:08:46+01:00   0af2d9a3a7f1b14dfc11f8e4b9746c2d
snippets/icon-silhouette.liquid:
  development: 2018-04-19T08:08:46+01:00   b49a2b2d275fe17c84e76481c0bdd8e9
snippets/icon-snapchat.liquid:
  development: 2018-04-19T08:08:46+01:00   d6f0dedb86544b535e6ea5b25f66ef0d
snippets/icon-solo.liquid:
  development: 2018-04-19T08:08:46+01:00   b25ae03bf849e816d110bc1c1e6439e7
snippets/icon-stripe.liquid:
  development: 2018-04-19T08:08:46+01:00   208713954dff9de98f800df59763615d
snippets/icon-switch.liquid:
  development: 2018-04-19T08:08:46+01:00   26d43059f98996274c0fe414971fb271
snippets/icon-touchclose.liquid:
  development: 2018-04-19T08:08:46+01:00   6e91e00f5482bf2e967f6038d90d30a8
snippets/icon-touchshare.liquid:
  development: 2018-04-19T08:08:46+01:00   b623d31599ebf8d612692e9e4ac81b56
snippets/icon-trophy.liquid:
  development: 2018-04-19T08:08:46+01:00   e3399235669bc82ef25f35b99b3eb075
snippets/icon-truck.liquid:
  development: 2018-04-19T08:08:46+01:00   90e2066b3e0f68e72b5b9733273e1385
snippets/icon-tumblr.liquid:
  development: 2018-04-19T08:08:46+01:00   d71a4ada77a8a9b6bd792bdafef393de
snippets/icon-twitter.liquid:
  development: 2018-04-19T08:08:46+01:00   24047c22697a23a0baabf2804adc6c11
snippets/icon-user.liquid:
  development: 2018-04-19T08:08:47+01:00   c34571d5d6fe060da52e351250f6b4ab
snippets/icon-vimeo.liquid:
  development: 2018-04-19T08:08:47+01:00   a229ed8a1a81e6ef95ad621f8a34efb6
snippets/icon-visa.liquid:
  development: 2018-04-19T08:08:47+01:00   9098533cd59e385d2672f6d8b7fa4b04
snippets/icon-youtube.liquid:
  development: 2018-04-19T08:08:47+01:00   9d72c5bc3eaa14a3e7aefd921881b1ae
snippets/load-css.liquid:
  development: 2018-04-19T08:08:47+01:00   c4f93b65f1c52d989e7c682052da547a
snippets/no-blocks.liquid:
  development: 2018-04-19T08:08:47+01:00   0cb7d758b6df0feb07ae5804b4b627fa
snippets/page-card.liquid:
  development: 2018-04-19T08:08:47+01:00   327a0ef7238ae95e349a03a6639de1c8
snippets/pagination.liquid:
  development: 2018-04-20T22:20:21+01:00   e9d400788840f101a86b16023b71abf8
snippets/placeholder-collection.liquid:
  development: 2018-04-19T08:08:47+01:00   4782b63d724c9ebd2bf2573b98e634c3
snippets/placeholder-image.liquid:
  development: 2018-04-19T08:08:47+01:00   744b89fc1920ac26b9992a73f43a4408
snippets/placeholder-lifestyle.liquid:
  development: 2018-04-19T08:08:47+01:00   f7f57772e9e1ead91d75cacc7f600c66
snippets/placeholder-logo.liquid:
  development: 2018-04-19T08:08:47+01:00   1e2891b47a0d322df27e7952f71b49ec
snippets/placeholder-product.liquid:
  development: 2018-04-19T08:08:47+01:00   32f6c46b4d92af83aa24ee2cfec0eb0e
snippets/product-card.liquid:
  development: 2018-05-02T11:45:05+01:00   d57776123be1d55623ceee66c4b003f8
snippets/product-form.liquid:
  development: 2018-04-19T08:08:47+01:00   b8634cf9f816681a1a00b4a20936a8da
snippets/sa-article-card-image.liquid:
  development: 2018-05-13T14:06:48+01:00   ad3c5d7dac08cd0519a3ce1e352f961c
snippets/sa-article-card.liquid:
  development: 2018-05-02T19:45:14+01:00   6d282f1021e95ff009059a405d57ac26
snippets/sa-article-last.liquid:
  development: 2018-04-20T23:11:48+01:00   ace7bee5ca03e2887651ec6c7e0dc80d
snippets/sa-article-list.liquid:
  development: 2018-04-20T23:12:29+01:00   26097ab5e10e80239d3e09f62db5a683
snippets/sa-article-related.liquid:
  development: 2018-05-11T17:53:14+01:00   434ae01d95e9a76605e5b4b0718cd75d
snippets/sa-card-image-last.liquid:
  development: 2018-05-14T19:53:27+01:00   3652f055732dcd2b507eefcdc9baeb92
snippets/sa-card-image-recent.liquid:
  development: 2018-04-19T20:02:48+01:00   7bb49e737c7978acda2f0d3904de1a93
snippets/search-bar.liquid:
  development: 2018-04-19T08:08:47+01:00   5842bd9745263ff18fc5360c31d04090
snippets/social-links.liquid:
  development: 2018-04-19T08:08:49+01:00   d57cddddd257ef6a84576bad8b5a9c06
snippets/social-meta-tags.liquid:
  development: 2018-04-19T08:08:49+01:00   ae9e213401623b2601abf0ace8e21537
snippets/social-sharing.liquid:
  development: 2018-04-19T08:08:49+01:00   348c83ee4f149858971a6f7d3323c453
snippets/spinner.liquid:
  development: 2018-04-19T08:08:49+01:00   b0323390a705125bae519b9f76df498f
snippets/talon-member-banner.liquid:
  development: 2018-04-19T08:08:49+01:00   68bcffb43f7e9f70b9cfbc1d14aa11ad
snippets/talon-member-price-cart.liquid:
  development: 2018-04-19T08:08:49+01:00   f61c39f7357da0c074780aa7dc0dfcd2
snippets/talon-member-price-template.liquid:
  development: 2018-04-19T08:08:49+01:00   c3400c014c9b84772c869236674feab7
snippets/talon-member-pricing-product.liquid:
  development: 2018-04-19T08:08:50+01:00   cadca393e0fb1f4d4df3758c88024281
snippets/talon-price-swap.liquid:
  development: 2018-04-19T08:08:50+01:00   3550addd219fcabdba9d9cbf94ad51f5
snippets/talon-price-varies.liquid:
  development: 2018-04-19T08:08:50+01:00   e2e0eda13e6ecdd873c3db7cb19514e8
templates/404.liquid:
  development: 2018-04-19T08:08:50+01:00   e4fbd978bf36321d6c78194d94831ff1
templates/article.liquid:
  development: 2018-04-21T11:48:18+01:00   60bbf7307ee0955953a5983b3decfa51
templates/blog.liquid:
  development: 2018-04-19T08:23:48+01:00   9a3660ffd98802d6794975d9133e9a8f
templates/cart.liquid:
  development: 2018-04-19T08:08:50+01:00   b03710de3ada196c1c2ec67019a934f0
templates/collection.liquid:
  development: 2018-04-19T08:08:50+01:00   f5828c431b327122f87cad5793058a1d
templates/customers/account.liquid:
  development: 2018-04-19T08:08:50+01:00   e76a444f955b90a4a6c681395a68c117
templates/customers/activate_account.liquid:
  development: 2018-04-19T08:08:50+01:00   b49ddf4f5328dafd2b736ec3385ffbd5
templates/customers/addresses.liquid:
  development: 2018-04-19T08:08:50+01:00   209884c39ea4819de14521d31453638a
templates/customers/login.liquid:
  development: 2018-04-19T08:08:50+01:00   3ee5816b9e4e91e07e7b8a552559d672
templates/customers/order.liquid:
  development: 2018-04-19T08:08:50+01:00   893808f2578bc8ca0b15e51843681efa
templates/customers/register.liquid:
  development: 2018-04-19T08:08:50+01:00   e8197c4960c85ce5d4e1d0fc5f8d06ff
templates/customers/reset_password.liquid:
  development: 2018-04-19T08:08:50+01:00   d52569cbb237fdb708404655426f6921
templates/gift_card.liquid:
  development: 2018-04-19T08:08:50+01:00   d780ee5d6b8079b7c6f958390f63b77d
templates/index.liquid:
  development: 2018-04-19T08:08:50+01:00   b2a0a05382c135215e50a0042c0f7cb7
templates/list-collections.liquid:
  development: 2018-04-19T08:08:50+01:00   2a3229f9bf1a7d5da0eb25003db24b63
templates/page.about.liquid:
  development: 2018-05-02T20:31:09+01:00   7239c198bf1e02c0a74265f14719053a
templates/page.contact.liquid:
  development: 2018-04-19T08:08:51+01:00   c0c82539dc7a4f0f2e32b9c965a0a8e7
templates/page.liquid:
  development: 2018-04-19T08:08:51+01:00   e5ba0a99aa80677dc86be60993fbc632
templates/page.philosophy.liquid:
  development: 2018-05-06T20:38:09+01:00   b0220eb99c18d08d5bf2f44a828cfcee
templates/page.story.liquid:
  development: 2018-05-02T20:30:53+01:00   3fe9a93e41762ea1fb79f150cd55dd7c
templates/password.liquid:
  development: 2018-04-19T08:08:51+01:00   30d1743d26765ce8c3fa53a3fdf9524f
templates/product.liquid:
  development: 2018-04-23T19:07:46+01:00   c3fcf2bb7d403757d589efa807c5c7e1
templates/search.liquid:
  development: 2018-04-19T08:08:51+01:00   36e56dea53e5f5b4131c23124c2e9af6
